// !$*UTF8*$!
{
	archiveVersion = 1;
	classes = {
	};
	objectVersion = 56;
	objects = {

/* Begin PBXBuildFile section */
		B7634E4929B5645600663079 /* URLSession.swift in Sources */ = {isa = PBXBuildFile; fileRef = B7634E4829B5645600663079 /* URLSession.swift */; };
		B76C071E29B39B9D009486A6 /* ManjuApp.swift in Sources */ = {isa = PBXBuildFile; fileRef = B76C071D29B39B9D009486A6 /* ManjuApp.swift */; };
		B76C072029B39B9D009486A6 /* ContentView.swift in Sources */ = {isa = PBXBuildFile; fileRef = B76C071F29B39B9D009486A6 /* ContentView.swift */; };
		B76C072229B39B9E009486A6 /* Assets.xcassets in Resources */ = {isa = PBXBuildFile; fileRef = B76C072129B39B9E009486A6 /* Assets.xcassets */; };
		B76C072529B39B9E009486A6 /* Preview Assets.xcassets in Resources */ = {isa = PBXBuildFile; fileRef = B76C072429B39B9E009486A6 /* Preview Assets.xcassets */; };
		B76C072D29B39BC3009486A6 /* ViewA.swift in Sources */ = {isa = PBXBuildFile; fileRef = B76C072C29B39BC3009486A6 /* ViewA.swift */; };
		B76C072F29B39BD0009486A6 /* ViewB.swift in Sources */ = {isa = PBXBuildFile; fileRef = B76C072E29B39BD0009486A6 /* ViewB.swift */; };
		B76C073129B39BD9009486A6 /* ViewC.swift in Sources */ = {isa = PBXBuildFile; fileRef = B76C073029B39BD9009486A6 /* ViewC.swift */; };
		B78EC00A29B9588D0073DCCC /* VoiceOverlayViewController.swift in Sources */ = {isa = PBXBuildFile; fileRef = B78EC00929B9588D0073DCCC /* VoiceOverlayViewController.swift */; };
		F95C37299F0F54E52D69F9FC /* Pods_Manju.framework in Frameworks */ = {isa = PBXBuildFile; fileRef = 0EF2337689CD5146CEF3DD1E /* Pods_Manju.framework */; };
/* End PBXBuildFile section */

/* Begin PBXFileReference section */
		0EF2337689CD5146CEF3DD1E /* Pods_Manju.framework */ = {isa = PBXFileReference; explicitFileType = wrapper.framework; includeInIndex = 0; path = Pods_Manju.framework; sourceTree = BUILT_PRODUCTS_DIR; };
		21D2CAD43958C89A04F16ADD /* Pods-Manju.release.xcconfig */ = {isa = PBXFileReference; includeInIndex = 1; lastKnownFileType = text.xcconfig; name = "Pods-Manju.release.xcconfig"; path = "Target Support Files/Pods-Manju/Pods-Manju.release.xcconfig"; sourceTree = "<group>"; };
		B7634E4829B5645600663079 /* URLSession.swift */ = {isa = PBXFileReference; lastKnownFileType = sourcecode.swift; path = URLSession.swift; sourceTree = "<group>"; };
		B76C071A29B39B9D009486A6 /* Manju.app */ = {isa = PBXFileReference; explicitFileType = wrapper.application; includeInIndex = 0; path = Manju.app; sourceTree = BUILT_PRODUCTS_DIR; };
		B76C071D29B39B9D009486A6 /* ManjuApp.swift */ = {isa = PBXFileReference; lastKnownFileType = sourcecode.swift; path = ManjuApp.swift; sourceTree = "<group>"; };
		B76C071F29B39B9D009486A6 /* ContentView.swift */ = {isa = PBXFileReference; lastKnownFileType = sourcecode.swift; path = ContentView.swift; sourceTree = "<group>"; };
		B76C072129B39B9E009486A6 /* Assets.xcassets */ = {isa = PBXFileReference; lastKnownFileType = folder.assetcatalog; path = Assets.xcassets; sourceTree = "<group>"; };
		B76C072429B39B9E009486A6 /* Preview Assets.xcassets */ = {isa = PBXFileReference; lastKnownFileType = folder.assetcatalog; path = "Preview Assets.xcassets"; sourceTree = "<group>"; };
		B76C072C29B39BC3009486A6 /* ViewA.swift */ = {isa = PBXFileReference; lastKnownFileType = sourcecode.swift; path = ViewA.swift; sourceTree = "<group>"; };
		B76C072E29B39BD0009486A6 /* ViewB.swift */ = {isa = PBXFileReference; lastKnownFileType = sourcecode.swift; path = ViewB.swift; sourceTree = "<group>"; };
		B76C073029B39BD9009486A6 /* ViewC.swift */ = {isa = PBXFileReference; lastKnownFileType = sourcecode.swift; path = ViewC.swift; sourceTree = "<group>"; };
		B78EC00829B85D330073DCCC /* Info.plist */ = {isa = PBXFileReference; lastKnownFileType = text.plist; path = Info.plist; sourceTree = "<group>"; };
		B78EC00929B9588D0073DCCC /* VoiceOverlayViewController.swift */ = {isa = PBXFileReference; lastKnownFileType = sourcecode.swift; path = VoiceOverlayViewController.swift; sourceTree = "<group>"; };
		D920A7360CF2CFFCC31DC04B /* Pods-Manju.debug.xcconfig */ = {isa = PBXFileReference; includeInIndex = 1; lastKnownFileType = text.xcconfig; name = "Pods-Manju.debug.xcconfig"; path = "Target Support Files/Pods-Manju/Pods-Manju.debug.xcconfig"; sourceTree = "<group>"; };
/* End PBXFileReference section */

/* Begin PBXFrameworksBuildPhase section */
		B76C071729B39B9D009486A6 /* Frameworks */ = {
			isa = PBXFrameworksBuildPhase;
			buildActionMask = 2147483647;
			files = (
				F95C37299F0F54E52D69F9FC /* Pods_Manju.framework in Frameworks */,
			);
			runOnlyForDeploymentPostprocessing = 0;
		};
/* End PBXFrameworksBuildPhase section */

/* Begin PBXGroup section */
		1DADF800C6A598404E59382C /* Frameworks */ = {
			isa = PBXGroup;
			children = (
				0EF2337689CD5146CEF3DD1E /* Pods_Manju.framework */,
			);
			name = Frameworks;
			sourceTree = "<group>";
		};
		2914B0E4C0072A282FE4CE86 /* Pods */ = {
			isa = PBXGroup;
			children = (
				D920A7360CF2CFFCC31DC04B /* Pods-Manju.debug.xcconfig */,
				21D2CAD43958C89A04F16ADD /* Pods-Manju.release.xcconfig */,
			);
			path = Pods;
			sourceTree = "<group>";
		};
		B76C071129B39B9D009486A6 = {
			isa = PBXGroup;
			children = (
				B78EC00929B9588D0073DCCC /* VoiceOverlayViewController.swift */,
				B78EC00B29B972AF0073DCCC /* Services */,
				B76C071C29B39B9D009486A6 /* Manju */,
				B76C071B29B39B9D009486A6 /* Products */,
				2914B0E4C0072A282FE4CE86 /* Pods */,
				1DADF800C6A598404E59382C /* Frameworks */,
			);
			sourceTree = "<group>";
		};
		B76C071B29B39B9D009486A6 /* Products */ = {
			isa = PBXGroup;
			children = (
				B76C071A29B39B9D009486A6 /* Manju.app */,
			);
			name = Products;
			sourceTree = "<group>";
		};
		B76C071C29B39B9D009486A6 /* Manju */ = {
			isa = PBXGroup;
			children = (
				B78EC00829B85D330073DCCC /* Info.plist */,
				B76C072B29B39BB6009486A6 /* Views */,
				B76C071D29B39B9D009486A6 /* ManjuApp.swift */,
				B76C071F29B39B9D009486A6 /* ContentView.swift */,
				B76C072129B39B9E009486A6 /* Assets.xcassets */,
				B76C072329B39B9E009486A6 /* Preview Content */,
			);
			path = Manju;
			sourceTree = "<group>";
		};
		B76C072329B39B9E009486A6 /* Preview Content */ = {
			isa = PBXGroup;
			children = (
				B76C072429B39B9E009486A6 /* Preview Assets.xcassets */,
			);
			path = "Preview Content";
			sourceTree = "<group>";
		};
		B76C072B29B39BB6009486A6 /* Views */ = {
			isa = PBXGroup;
			children = (
				B76C072C29B39BC3009486A6 /* ViewA.swift */,
				B76C072E29B39BD0009486A6 /* ViewB.swift */,
				B76C073029B39BD9009486A6 /* ViewC.swift */,
			);
			path = Views;
			sourceTree = "<group>";
		};
		B78EC00B29B972AF0073DCCC /* Services */ = {
			isa = PBXGroup;
			children = (
				B7634E4829B5645600663079 /* URLSession.swift */,
			);
			path = Services;
			sourceTree = "<group>";
		};
/* End PBXGroup section */

/* Begin PBXNativeTarget section */
		B76C071929B39B9D009486A6 /* Manju */ = {
			isa = PBXNativeTarget;
			buildConfigurationList = B76C072829B39B9E009486A6 /* Build configuration list for PBXNativeTarget "Manju" */;
			buildPhases = (
				95B4288BD3CD7EE78C525155 /* [CP] Check Pods Manifest.lock */,
				B76C071629B39B9D009486A6 /* Sources */,
				B76C071729B39B9D009486A6 /* Frameworks */,
				B76C071829B39B9D009486A6 /* Resources */,
				C9AF90C9F08CB3417A55C272 /* [CP] Embed Pods Frameworks */,
			);
			buildRules = (
			);
			dependencies = (
			);
			name = Manju;
			productName = Manju;
			productReference = B76C071A29B39B9D009486A6 /* Manju.app */;
			productType = "com.apple.product-type.application";
		};
/* End PBXNativeTarget section */

/* Begin PBXProject section */
		B76C071229B39B9D009486A6 /* Project object */ = {
			isa = PBXProject;
			attributes = {
				BuildIndependentTargetsInParallel = 1;
				LastSwiftUpdateCheck = 1420;
				LastUpgradeCheck = 1420;
				TargetAttributes = {
					B76C071929B39B9D009486A6 = {
						CreatedOnToolsVersion = 14.2;
					};
				};
			};
			buildConfigurationList = B76C071529B39B9D009486A6 /* Build configuration list for PBXProject "Manju" */;
			compatibilityVersion = "Xcode 14.0";
			developmentRegion = en;
			hasScannedForEncodings = 0;
			knownRegions = (
				en,
				Base,
			);
			mainGroup = B76C071129B39B9D009486A6;
			productRefGroup = B76C071B29B39B9D009486A6 /* Products */;
			projectDirPath = "";
			projectRoot = "";
			targets = (
				B76C071929B39B9D009486A6 /* Manju */,
			);
		};
/* End PBXProject section */

/* Begin PBXResourcesBuildPhase section */
		B76C071829B39B9D009486A6 /* Resources */ = {
			isa = PBXResourcesBuildPhase;
			buildActionMask = 2147483647;
			files = (
				B76C072529B39B9E009486A6 /* Preview Assets.xcassets in Resources */,
				B76C072229B39B9E009486A6 /* Assets.xcassets in Resources */,
			);
			runOnlyForDeploymentPostprocessing = 0;
		};
/* End PBXResourcesBuildPhase section */

/* Begin PBXShellScriptBuildPhase section */
		95B4288BD3CD7EE78C525155 /* [CP] Check Pods Manifest.lock */ = {
			isa = PBXShellScriptBuildPhase;
			buildActionMask = 2147483647;
			files = (
			);
			inputFileListPaths = (
			);
			inputPaths = (
				"${PODS_PODFILE_DIR_PATH}/Podfile.lock",
				"${PODS_ROOT}/Manifest.lock",
			);
			name = "[CP] Check Pods Manifest.lock";
			outputFileListPaths = (
			);
			outputPaths = (
				"$(DERIVED_FILE_DIR)/Pods-Manju-checkManifestLockResult.txt",
			);
			runOnlyForDeploymentPostprocessing = 0;
			shellPath = /bin/sh;
			shellScript = "diff \"${PODS_PODFILE_DIR_PATH}/Podfile.lock\" \"${PODS_ROOT}/Manifest.lock\" > /dev/null\nif [ $? != 0 ] ; then\n    # print error to STDERR\n    echo \"error: The sandbox is not in sync with the Podfile.lock. Run 'pod install' or update your CocoaPods installation.\" >&2\n    exit 1\nfi\n# This output is used by Xcode 'outputs' to avoid re-running this script phase.\necho \"SUCCESS\" > \"${SCRIPT_OUTPUT_FILE_0}\"\n";
			showEnvVarsInLog = 0;
		};
		C9AF90C9F08CB3417A55C272 /* [CP] Embed Pods Frameworks */ = {
			isa = PBXShellScriptBuildPhase;
			buildActionMask = 2147483647;
			files = (
			);
			inputFileListPaths = (
				"${PODS_ROOT}/Target Support Files/Pods-Manju/Pods-Manju-frameworks-${CONFIGURATION}-input-files.xcfilelist",
			);
			name = "[CP] Embed Pods Frameworks";
			outputFileListPaths = (
				"${PODS_ROOT}/Target Support Files/Pods-Manju/Pods-Manju-frameworks-${CONFIGURATION}-output-files.xcfilelist",
			);
			runOnlyForDeploymentPostprocessing = 0;
			shellPath = /bin/sh;
			shellScript = "\"${PODS_ROOT}/Target Support Files/Pods-Manju/Pods-Manju-frameworks.sh\"\n";
			showEnvVarsInLog = 0;
		};
/* End PBXShellScriptBuildPhase section */

/* Begin PBXSourcesBuildPhase section */
		B76C071629B39B9D009486A6 /* Sources */ = {
			isa = PBXSourcesBuildPhase;
			buildActionMask = 2147483647;
			files = (
				B78EC00A29B9588D0073DCCC /* VoiceOverlayViewController.swift in Sources */,
				B76C072029B39B9D009486A6 /* ContentView.swift in Sources */,
				B7634E4929B5645600663079 /* URLSession.swift in Sources */,
				B76C072D29B39BC3009486A6 /* ViewA.swift in Sources */,
				B76C073129B39BD9009486A6 /* ViewC.swift in Sources */,
				B76C071E29B39B9D009486A6 /* ManjuApp.swift in Sources */,
				B76C072F29B39BD0009486A6 /* ViewB.swift in Sources */,
			);
			runOnlyForDeploymentPostprocessing = 0;
		};
/* End PBXSourcesBuildPhase section */

/* Begin XCBuildConfiguration section */
		B76C072629B39B9E009486A6 /* Debug */ = {
			isa = XCBuildConfiguration;
			buildSettings = {
				ALWAYS_SEARCH_USER_PATHS = NO;
				CLANG_ANALYZER_NONNULL = YES;
				CLANG_ANALYZER_NUMBER_OBJECT_CONVERSION = YES_AGGRESSIVE;
				CLANG_CXX_LANGUAGE_STANDARD = "gnu++20";
				CLANG_ENABLE_MODULES = YES;
				CLANG_ENABLE_OBJC_ARC = YES;
				CLANG_ENABLE_OBJC_WEAK = YES;
				CLANG_WARN_BLOCK_CAPTURE_AUTORELEASING = YES;
				CLANG_WARN_BOOL_CONVERSION = YES;
				CLANG_WARN_COMMA = YES;
				CLANG_WARN_CONSTANT_CONVERSION = YES;
				CLANG_WARN_DEPRECATED_OBJC_IMPLEMENTATIONS = YES;
				CLANG_WARN_DIRECT_OBJC_ISA_USAGE = YES_ERROR;
				CLANG_WARN_DOCUMENTATION_COMMENTS = YES;
				CLANG_WARN_EMPTY_BODY = YES;
				CLANG_WARN_ENUM_CONVERSION = YES;
				CLANG_WARN_INFINITE_RECURSION = YES;
				CLANG_WARN_INT_CONVERSION = YES;
				CLANG_WARN_NON_LITERAL_NULL_CONVERSION = YES;
				CLANG_WARN_OBJC_IMPLICIT_RETAIN_SELF = YES;
				CLANG_WARN_OBJC_LITERAL_CONVERSION = YES;
				CLANG_WARN_OBJC_ROOT_CLASS = YES_ERROR;
				CLANG_WARN_QUOTED_INCLUDE_IN_FRAMEWORK_HEADER = YES;
				CLANG_WARN_RANGE_LOOP_ANALYSIS = YES;
				CLANG_WARN_STRICT_PROTOTYPES = YES;
				CLANG_WARN_SUSPICIOUS_MOVE = YES;
				CLANG_WARN_UNGUARDED_AVAILABILITY = YES_AGGRESSIVE;
				CLANG_WARN_UNREACHABLE_CODE = YES;
				CLANG_WARN__DUPLICATE_METHOD_MATCH = YES;
				COPY_PHASE_STRIP = NO;
				DEBUG_INFORMATION_FORMAT = dwarf;
				ENABLE_STRICT_OBJC_MSGSEND = YES;
				ENABLE_TESTABILITY = YES;
				GCC_C_LANGUAGE_STANDARD = gnu11;
				GCC_DYNAMIC_NO_PIC = NO;
				GCC_NO_COMMON_BLOCKS = YES;
				GCC_OPTIMIZATION_LEVEL = 0;
				GCC_PREPROCESSOR_DEFINITIONS = (
					"DEBUG=1",
					"$(inherited)",
				);
				GCC_WARN_64_TO_32_BIT_CONVERSION = YES;
				GCC_WARN_ABOUT_RETURN_TYPE = YES_ERROR;
				GCC_WARN_UNDECLARED_SELECTOR = YES;
				GCC_WARN_UNINITIALIZED_AUTOS = YES_AGGRESSIVE;
				GCC_WARN_UNUSED_FUNCTION = YES;
				GCC_WARN_UNUSED_VARIABLE = YES;
				IPHONEOS_DEPLOYMENT_TARGET = 16.2;
				MTL_ENABLE_DEBUG_INFO = INCLUDE_SOURCE;
				MTL_FAST_MATH = YES;
				ONLY_ACTIVE_ARCH = YES;
				SDKROOT = iphoneos;
				SWIFT_ACTIVE_COMPILATION_CONDITIONS = DEBUG;
				SWIFT_OPTIMIZATION_LEVEL = "-Onone";
			};
			name = Debug;
		};
		B76C072729B39B9E009486A6 /* Release */ = {
			isa = XCBuildConfiguration;
			buildSettings = {
				ALWAYS_SEARCH_USER_PATHS = NO;
				CLANG_ANALYZER_NONNULL = YES;
				CLANG_ANALYZER_NUMBER_OBJECT_CONVERSION = YES_AGGRESSIVE;
				CLANG_CXX_LANGUAGE_STANDARD = "gnu++20";
				CLANG_ENABLE_MODULES = YES;
				CLANG_ENABLE_OBJC_ARC = YES;
				CLANG_ENABLE_OBJC_WEAK = YES;
				CLANG_WARN_BLOCK_CAPTURE_AUTORELEASING = YES;
				CLANG_WARN_BOOL_CONVERSION = YES;
				CLANG_WARN_COMMA = YES;
				CLANG_WARN_CONSTANT_CONVERSION = YES;
				CLANG_WARN_DEPRECATED_OBJC_IMPLEMENTATIONS = YES;
				CLANG_WARN_DIRECT_OBJC_ISA_USAGE = YES_ERROR;
				CLANG_WARN_DOCUMENTATION_COMMENTS = YES;
				CLANG_WARN_EMPTY_BODY = YES;
				CLANG_WARN_ENUM_CONVERSION = YES;
				CLANG_WARN_INFINITE_RECURSION = YES;
				CLANG_WARN_INT_CONVERSION = YES;
				CLANG_WARN_NON_LITERAL_NULL_CONVERSION = YES;
				CLANG_WARN_OBJC_IMPLICIT_RETAIN_SELF = YES;
				CLANG_WARN_OBJC_LITERAL_CONVERSION = YES;
				CLANG_WARN_OBJC_ROOT_CLASS = YES_ERROR;
				CLANG_WARN_QUOTED_INCLUDE_IN_FRAMEWORK_HEADER = YES;
				CLANG_WARN_RANGE_LOOP_ANALYSIS = YES;
				CLANG_WARN_STRICT_PROTOTYPES = YES;
				CLANG_WARN_SUSPICIOUS_MOVE = YES;
				CLANG_WARN_UNGUARDED_AVAILABILITY = YES_AGGRESSIVE;
				CLANG_WARN_UNREACHABLE_CODE = YES;
				CLANG_WARN__DUPLICATE_METHOD_MATCH = YES;
				COPY_PHASE_STRIP = NO;
				DEBUG_INFORMATION_FORMAT = "dwarf-with-dsym";
				ENABLE_NS_ASSERTIONS = NO;
				ENABLE_STRICT_OBJC_MSGSEND = YES;
				GCC_C_LANGUAGE_STANDARD = gnu11;
				GCC_NO_COMMON_BLOCKS = YES;
				GCC_WARN_64_TO_32_BIT_CONVERSION = YES;
				GCC_WARN_ABOUT_RETURN_TYPE = YES_ERROR;
				GCC_WARN_UNDECLARED_SELECTOR = YES;
				GCC_WARN_UNINITIALIZED_AUTOS = YES_AGGRESSIVE;
				GCC_WARN_UNUSED_FUNCTION = YES;
				GCC_WARN_UNUSED_VARIABLE = YES;
				IPHONEOS_DEPLOYMENT_TARGET = 16.2;
				MTL_ENABLE_DEBUG_INFO = NO;
				MTL_FAST_MATH = YES;
				SDKROOT = iphoneos;
				SWIFT_COMPILATION_MODE = wholemodule;
				SWIFT_OPTIMIZATION_LEVEL = "-O";
				VALIDATE_PRODUCT = YES;
			};
			name = Release;
		};
		B76C072929B39B9E009486A6 /* Debug */ = {
			isa = XCBuildConfiguration;
			baseConfigurationReference = D920A7360CF2CFFCC31DC04B /* Pods-Manju.debug.xcconfig */;
			buildSettings = {
				ASSETCATALOG_COMPILER_APPICON_NAME = AppIcon;
				ASSETCATALOG_COMPILER_GLOBAL_ACCENT_COLOR_NAME = AccentColor;
				CODE_SIGN_STYLE = Automatic;
				CURRENT_PROJECT_VERSION = 1;
				DEVELOPMENT_ASSET_PATHS = "\"Manju/Preview Content\"";
				DEVELOPMENT_TEAM = FW5BACSZ6A;
				ENABLE_PREVIEWS = YES;
				GENERATE_INFOPLIST_FILE = YES;
				INFOPLIST_FILE = Manju/Info.plist;
				INFOPLIST_KEY_NSMicrophoneUsageDescription = "";
				INFOPLIST_KEY_UIApplicationSceneManifest_Generation = YES;
				INFOPLIST_KEY_UIApplicationSupportsIndirectInputEvents = YES;
				INFOPLIST_KEY_UILaunchScreen_Generation = YES;
				INFOPLIST_KEY_UISupportedInterfaceOrientations_iPad = "UIInterfaceOrientationPortrait UIInterfaceOrientationPortraitUpsideDown UIInterfaceOrientationLandscapeLeft UIInterfaceOrientationLandscapeRight";
				INFOPLIST_KEY_UISupportedInterfaceOrientations_iPhone = "UIInterfaceOrientationPortrait UIInterfaceOrientationLandscapeLeft UIInterfaceOrientationLandscapeRight";
				IPHONEOS_DEPLOYMENT_TARGET = 15.0;
				LD_RUNPATH_SEARCH_PATHS = (
					"$(inherited)",
					"@executable_path/Frameworks",
				);
				MARKETING_VERSION = 1.0;
				PRODUCT_BUNDLE_IDENTIFIER = com.daize.Manju;
				PRODUCT_NAME = "$(TARGET_NAME)";
				SWIFT_EMIT_LOC_STRINGS = YES;
				SWIFT_VERSION = 5.0;
				TARGETED_DEVICE_FAMILY = "1,2";
			};
			name = Debug;
		};
		B76C072A29B39B9E009486A6 /* Release */ = {
			isa = XCBuildConfiguration;
			baseConfigurationReference = 21D2CAD43958C89A04F16ADD /* Pods-Manju.release.xcconfig */;
			buildSettings = {
				ASSETCATALOG_COMPILER_APPICON_NAME = AppIcon;
				ASSETCATALOG_COMPILER_GLOBAL_ACCENT_COLOR_NAME = AccentColor;
				CODE_SIGN_STYLE = Automatic;
				CURRENT_PROJECT_VERSION = 1;
				DEVELOPMENT_ASSET_PATHS = "\"Manju/Preview Content\"";
				DEVELOPMENT_TEAM = FW5BACSZ6A;
				ENABLE_PREVIEWS = YES;
				GENERATE_INFOPLIST_FILE = YES;
				INFOPLIST_FILE = Manju/Info.plist;
				INFOPLIST_KEY_NSMicrophoneUsageDescription = "";
				INFOPLIST_KEY_UIApplicationSceneManifest_Generation = YES;
				INFOPLIST_KEY_UIApplicationSupportsIndirectInputEvents = YES;
				INFOPLIST_KEY_UILaunchScreen_Generation = YES;
				INFOPLIST_KEY_UISupportedInterfaceOrientations_iPad = "UIInterfaceOrientationPortrait UIInterfaceOrientationPortraitUpsideDown UIInterfaceOrientationLandscapeLeft UIInterfaceOrientationLandscapeRight";
				INFOPLIST_KEY_UISupportedInterfaceOrientations_iPhone = "UIInterfaceOrientationPortrait UIInterfaceOrientationLandscapeLeft UIInterfaceOrientationLandscapeRight";
				IPHONEOS_DEPLOYMENT_TARGET = 15.0;
				LD_RUNPATH_SEARCH_PATHS = (
					"$(inherited)",
					"@executable_path/Frameworks",
				);
				MARKETING_VERSION = 1.0;
				PRODUCT_BUNDLE_IDENTIFIER = com.daize.Manju;
				PRODUCT_NAME = "$(TARGET_NAME)";
				SWIFT_EMIT_LOC_STRINGS = YES;
				SWIFT_VERSION = 5.0;
				TARGETED_DEVICE_FAMILY = "1,2";
			};
			name = Release;
		};
/* End XCBuildConfiguration section */

/* Begin XCConfigurationList section */
		B76C071529B39B9D009486A6 /* Build configuration list for PBXProject "Manju" */ = {
			isa = XCConfigurationList;
			buildConfigurations = (
				B76C072629B39B9E009486A6 /* Debug */,
				B76C072729B39B9E009486A6 /* Release */,
			);
			defaultConfigurationIsVisible = 0;
			defaultConfigurationName = Release;
		};
		B76C072829B39B9E009486A6 /* Build configuration list for PBXNativeTarget "Manju" */ = {
			isa = XCConfigurationList;
			buildConfigurations = (
				B76C072929B39B9E009486A6 /* Debug */,
				B76C072A29B39B9E009486A6 /* Release */,
			);
			defaultConfigurationIsVisible = 0;
			defaultConfigurationName = Release;
		};
/* End XCConfigurationList section */
	};
	rootObject = B76C071229B39B9D009486A6 /* Project object */;
}
