// !$*UTF8*$!
{
	archiveVersion = 1;
	classes = {
	};
	objectVersion = 56;
	objects = {

/* Begin PBXBuildFile section */
		08CFAC0B64750267EF0DFD6F /* Pods_Manju.framework in Frameworks */ = {isa = PBXBuildFile; fileRef = A3BD58FA4B2E7E8FD92D4951 /* Pods_Manju.framework */; };
		B772957829BAA5E400F82263 /* ManjuTabBarController.swift in Sources */ = {isa = PBXBuildFile; fileRef = B772957729BAA5E400F82263 /* ManjuTabBarController.swift */; };
		B772957B29BAB60600F82263 /* ManjuViewModel.swift in Sources */ = {isa = PBXBuildFile; fileRef = B772957A29BAB60600F82263 /* ManjuViewModel.swift */; };
		B772957F29BAB6C400F82263 /* Response.swift in Sources */ = {isa = PBXBuildFile; fileRef = B772957E29BAB6C400F82263 /* Response.swift */; };
		B772958129BAB74500F82263 /* ResponseRepository.swift in Sources */ = {isa = PBXBuildFile; fileRef = B772958029BAB74500F82263 /* ResponseRepository.swift */; };
		B78EC02529B9B5320073DCCC /* AppDelegate.swift in Sources */ = {isa = PBXBuildFile; fileRef = B78EC02429B9B5320073DCCC /* AppDelegate.swift */; };
		B78EC02729B9B5320073DCCC /* SceneDelegate.swift in Sources */ = {isa = PBXBuildFile; fileRef = B78EC02629B9B5320073DCCC /* SceneDelegate.swift */; };
		B78EC02929B9B5320073DCCC /* VoiceViewController.swift in Sources */ = {isa = PBXBuildFile; fileRef = B78EC02829B9B5320073DCCC /* VoiceViewController.swift */; };
		B78EC02C29B9B5320073DCCC /* Main.storyboard in Resources */ = {isa = PBXBuildFile; fileRef = B78EC02A29B9B5320073DCCC /* Main.storyboard */; };
		B78EC02E29B9B5330073DCCC /* Assets.xcassets in Resources */ = {isa = PBXBuildFile; fileRef = B78EC02D29B9B5330073DCCC /* Assets.xcassets */; };
		B78EC03129B9B5330073DCCC /* LaunchScreen.storyboard in Resources */ = {isa = PBXBuildFile; fileRef = B78EC02F29B9B5330073DCCC /* LaunchScreen.storyboard */; };
		B78EC03A29BA80B60073DCCC /* ResponseApiService.swift in Sources */ = {isa = PBXBuildFile; fileRef = B78EC03929BA80B60073DCCC /* ResponseApiService.swift */; };
/* End PBXBuildFile section */

/* Begin PBXFileReference section */
		569BB75B6AFCB74F0E509D9C /* Pods-Manju.debug.xcconfig */ = {isa = PBXFileReference; includeInIndex = 1; lastKnownFileType = text.xcconfig; name = "Pods-Manju.debug.xcconfig"; path = "Target Support Files/Pods-Manju/Pods-Manju.debug.xcconfig"; sourceTree = "<group>"; };
		A3BD58FA4B2E7E8FD92D4951 /* Pods_Manju.framework */ = {isa = PBXFileReference; explicitFileType = wrapper.framework; includeInIndex = 0; path = Pods_Manju.framework; sourceTree = BUILT_PRODUCTS_DIR; };
		B772957729BAA5E400F82263 /* ManjuTabBarController.swift */ = {isa = PBXFileReference; lastKnownFileType = sourcecode.swift; path = ManjuTabBarController.swift; sourceTree = "<group>"; };
		B772957A29BAB60600F82263 /* ManjuViewModel.swift */ = {isa = PBXFileReference; lastKnownFileType = sourcecode.swift; path = ManjuViewModel.swift; sourceTree = "<group>"; };
		B772957E29BAB6C400F82263 /* Response.swift */ = {isa = PBXFileReference; lastKnownFileType = sourcecode.swift; path = Response.swift; sourceTree = "<group>"; };
		B772958029BAB74500F82263 /* ResponseRepository.swift */ = {isa = PBXFileReference; lastKnownFileType = sourcecode.swift; path = ResponseRepository.swift; sourceTree = "<group>"; };
		B78EC02129B9B5320073DCCC /* Manju.app */ = {isa = PBXFileReference; explicitFileType = wrapper.application; includeInIndex = 0; path = Manju.app; sourceTree = BUILT_PRODUCTS_DIR; };
		B78EC02429B9B5320073DCCC /* AppDelegate.swift */ = {isa = PBXFileReference; lastKnownFileType = sourcecode.swift; path = AppDelegate.swift; sourceTree = "<group>"; };
		B78EC02629B9B5320073DCCC /* SceneDelegate.swift */ = {isa = PBXFileReference; lastKnownFileType = sourcecode.swift; path = SceneDelegate.swift; sourceTree = "<group>"; };
		B78EC02829B9B5320073DCCC /* VoiceViewController.swift */ = {isa = PBXFileReference; lastKnownFileType = sourcecode.swift; path = VoiceViewController.swift; sourceTree = "<group>"; };
		B78EC02B29B9B5320073DCCC /* Base */ = {isa = PBXFileReference; lastKnownFileType = file.storyboard; name = Base; path = Base.lproj/Main.storyboard; sourceTree = "<group>"; };
		B78EC02D29B9B5330073DCCC /* Assets.xcassets */ = {isa = PBXFileReference; lastKnownFileType = folder.assetcatalog; path = Assets.xcassets; sourceTree = "<group>"; };
		B78EC03029B9B5330073DCCC /* Base */ = {isa = PBXFileReference; lastKnownFileType = file.storyboard; name = Base; path = Base.lproj/LaunchScreen.storyboard; sourceTree = "<group>"; };
		B78EC03229B9B5330073DCCC /* Info.plist */ = {isa = PBXFileReference; lastKnownFileType = text.plist.xml; path = Info.plist; sourceTree = "<group>"; };
		B78EC03929BA80B60073DCCC /* ResponseApiService.swift */ = {isa = PBXFileReference; lastKnownFileType = sourcecode.swift; path = ResponseApiService.swift; sourceTree = "<group>"; };
		D7FA8AF26047CA7C10DE2763 /* Pods-Manju.release.xcconfig */ = {isa = PBXFileReference; includeInIndex = 1; lastKnownFileType = text.xcconfig; name = "Pods-Manju.release.xcconfig"; path = "Target Support Files/Pods-Manju/Pods-Manju.release.xcconfig"; sourceTree = "<group>"; };
/* End PBXFileReference section */

/* Begin PBXFrameworksBuildPhase section */
		B78EC01E29B9B5320073DCCC /* Frameworks */ = {
			isa = PBXFrameworksBuildPhase;
			buildActionMask = 2147483647;
			files = (
				08CFAC0B64750267EF0DFD6F /* Pods_Manju.framework in Frameworks */,
			);
			runOnlyForDeploymentPostprocessing = 0;
		};
/* End PBXFrameworksBuildPhase section */

/* Begin PBXGroup section */
		0DEEEA2C21CEF8624BCAD6EC /* Pods */ = {
			isa = PBXGroup;
			children = (
				569BB75B6AFCB74F0E509D9C /* Pods-Manju.debug.xcconfig */,
				D7FA8AF26047CA7C10DE2763 /* Pods-Manju.release.xcconfig */,
			);
			path = Pods;
			sourceTree = "<group>";
		};
		85BF68B8BF9B2ECC14A759C8 /* Frameworks */ = {
			isa = PBXGroup;
			children = (
				A3BD58FA4B2E7E8FD92D4951 /* Pods_Manju.framework */,
			);
			name = Frameworks;
			sourceTree = "<group>";
		};
		B772957929BAB5BC00F82263 /* ViewModel */ = {
			isa = PBXGroup;
			children = (
				B772957A29BAB60600F82263 /* ManjuViewModel.swift */,
			);
			path = ViewModel;
			sourceTree = "<group>";
		};
		B772957D29BAB6AC00F82263 /* Models */ = {
			isa = PBXGroup;
			children = (
				B772957E29BAB6C400F82263 /* Response.swift */,
			);
			path = Models;
			sourceTree = "<group>";
		};
		B772958229BAB74D00F82263 /* Repositories */ = {
			isa = PBXGroup;
			children = (
				B772958029BAB74500F82263 /* ResponseRepository.swift */,
			);
			path = Repositories;
			sourceTree = "<group>";
		};
		B78EC01829B9B5320073DCCC = {
			isa = PBXGroup;
			children = (
				B772958229BAB74D00F82263 /* Repositories */,
				B772957D29BAB6AC00F82263 /* Models */,
				B772957929BAB5BC00F82263 /* ViewModel */,
				B78EC03829BA809D0073DCCC /* Services */,
				B78EC02329B9B5320073DCCC /* Manju */,
				B78EC02229B9B5320073DCCC /* Products */,
				0DEEEA2C21CEF8624BCAD6EC /* Pods */,
				85BF68B8BF9B2ECC14A759C8 /* Frameworks */,
			);
			sourceTree = "<group>";
		};
		B78EC02229B9B5320073DCCC /* Products */ = {
			isa = PBXGroup;
			children = (
				B78EC02129B9B5320073DCCC /* Manju.app */,
			);
			name = Products;
			sourceTree = "<group>";
		};
		B78EC02329B9B5320073DCCC /* Manju */ = {
			isa = PBXGroup;
			children = (
				B78EC02429B9B5320073DCCC /* AppDelegate.swift */,
				B78EC02629B9B5320073DCCC /* SceneDelegate.swift */,
				B78EC02829B9B5320073DCCC /* VoiceViewController.swift */,
				B772957729BAA5E400F82263 /* ManjuTabBarController.swift */,
				B78EC02A29B9B5320073DCCC /* Main.storyboard */,
				B78EC02D29B9B5330073DCCC /* Assets.xcassets */,
				B78EC02F29B9B5330073DCCC /* LaunchScreen.storyboard */,
				B78EC03229B9B5330073DCCC /* Info.plist */,
			);
			path = Manju;
			sourceTree = "<group>";
		};
		B78EC03829BA809D0073DCCC /* Services */ = {
			isa = PBXGroup;
			children = (
				B78EC03929BA80B60073DCCC /* ResponseApiService.swift */,
			);
			path = Services;
			sourceTree = "<group>";
		};
/* End PBXGroup section */

/* Begin PBXNativeTarget section */
		B78EC02029B9B5320073DCCC /* Manju */ = {
			isa = PBXNativeTarget;
			buildConfigurationList = B78EC03529B9B5330073DCCC /* Build configuration list for PBXNativeTarget "Manju" */;
			buildPhases = (
				D0A97DBA880D5F77632E6180 /* [CP] Check Pods Manifest.lock */,
				B78EC01D29B9B5320073DCCC /* Sources */,
				B78EC01E29B9B5320073DCCC /* Frameworks */,
				B78EC01F29B9B5320073DCCC /* Resources */,
				847B2ABBC41C2C3EB5FB4482 /* [CP] Embed Pods Frameworks */,
			);
			buildRules = (
			);
			dependencies = (
			);
			name = Manju;
			productName = Manju;
			productReference = B78EC02129B9B5320073DCCC /* Manju.app */;
			productType = "com.apple.product-type.application";
		};
/* End PBXNativeTarget section */

/* Begin PBXProject section */
		B78EC01929B9B5320073DCCC /* Project object */ = {
			isa = PBXProject;
			attributes = {
				BuildIndependentTargetsInParallel = 1;
				LastSwiftUpdateCheck = 1420;
				LastUpgradeCheck = 1420;
				TargetAttributes = {
					B78EC02029B9B5320073DCCC = {
						CreatedOnToolsVersion = 14.2;
					};
				};
			};
			buildConfigurationList = B78EC01C29B9B5320073DCCC /* Build configuration list for PBXProject "Manju" */;
			compatibilityVersion = "Xcode 14.0";
			developmentRegion = en;
			hasScannedForEncodings = 0;
			knownRegions = (
				en,
				Base,
			);
			mainGroup = B78EC01829B9B5320073DCCC;
			productRefGroup = B78EC02229B9B5320073DCCC /* Products */;
			projectDirPath = "";
			projectRoot = "";
			targets = (
				B78EC02029B9B5320073DCCC /* Manju */,
			);
		};
/* End PBXProject section */

/* Begin PBXResourcesBuildPhase section */
		B78EC01F29B9B5320073DCCC /* Resources */ = {
			isa = PBXResourcesBuildPhase;
			buildActionMask = 2147483647;
			files = (
				B78EC03129B9B5330073DCCC /* LaunchScreen.storyboard in Resources */,
				B78EC02E29B9B5330073DCCC /* Assets.xcassets in Resources */,
				B78EC02C29B9B5320073DCCC /* Main.storyboard in Resources */,
			);
			runOnlyForDeploymentPostprocessing = 0;
		};
/* End PBXResourcesBuildPhase section */

/* Begin PBXShellScriptBuildPhase section */
		847B2ABBC41C2C3EB5FB4482 /* [CP] Embed Pods Frameworks */ = {
			isa = PBXShellScriptBuildPhase;
			buildActionMask = 2147483647;
			files = (
			);
			inputFileListPaths = (
				"${PODS_ROOT}/Target Support Files/Pods-Manju/Pods-Manju-frameworks-${CONFIGURATION}-input-files.xcfilelist",
			);
			name = "[CP] Embed Pods Frameworks";
			outputFileListPaths = (
				"${PODS_ROOT}/Target Support Files/Pods-Manju/Pods-Manju-frameworks-${CONFIGURATION}-output-files.xcfilelist",
			);
			runOnlyForDeploymentPostprocessing = 0;
			shellPath = /bin/sh;
			shellScript = "\"${PODS_ROOT}/Target Support Files/Pods-Manju/Pods-Manju-frameworks.sh\"\n";
			showEnvVarsInLog = 0;
		};
		D0A97DBA880D5F77632E6180 /* [CP] Check Pods Manifest.lock */ = {
			isa = PBXShellScriptBuildPhase;
			buildActionMask = 2147483647;
			files = (
			);
			inputFileListPaths = (
			);
			inputPaths = (
				"${PODS_PODFILE_DIR_PATH}/Podfile.lock",
				"${PODS_ROOT}/Manifest.lock",
			);
			name = "[CP] Check Pods Manifest.lock";
			outputFileListPaths = (
			);
			outputPaths = (
				"$(DERIVED_FILE_DIR)/Pods-Manju-checkManifestLockResult.txt",
			);
			runOnlyForDeploymentPostprocessing = 0;
			shellPath = /bin/sh;
			shellScript = "diff \"${PODS_PODFILE_DIR_PATH}/Podfile.lock\" \"${PODS_ROOT}/Manifest.lock\" > /dev/null\nif [ $? != 0 ] ; then\n    # print error to STDERR\n    echo \"error: The sandbox is not in sync with the Podfile.lock. Run 'pod install' or update your CocoaPods installation.\" >&2\n    exit 1\nfi\n# This output is used by Xcode 'outputs' to avoid re-running this script phase.\necho \"SUCCESS\" > \"${SCRIPT_OUTPUT_FILE_0}\"\n";
			showEnvVarsInLog = 0;
		};
/* End PBXShellScriptBuildPhase section */

/* Begin PBXSourcesBuildPhase section */
		B78EC01D29B9B5320073DCCC /* Sources */ = {
			isa = PBXSourcesBuildPhase;
			buildActionMask = 2147483647;
			files = (
				B78EC02929B9B5320073DCCC /* VoiceViewController.swift in Sources */,
				B78EC02529B9B5320073DCCC /* AppDelegate.swift in Sources */,
				B772958129BAB74500F82263 /* ResponseRepository.swift in Sources */,
				B772957B29BAB60600F82263 /* ManjuViewModel.swift in Sources */,
				B772957829BAA5E400F82263 /* ManjuTabBarController.swift in Sources */,
				B78EC03A29BA80B60073DCCC /* ResponseApiService.swift in Sources */,
				B772957F29BAB6C400F82263 /* Response.swift in Sources */,
				B78EC02729B9B5320073DCCC /* SceneDelegate.swift in Sources */,
			);
			runOnlyForDeploymentPostprocessing = 0;
		};
/* End PBXSourcesBuildPhase section */

/* Begin PBXVariantGroup section */
		B78EC02A29B9B5320073DCCC /* Main.storyboard */ = {
			isa = PBXVariantGroup;
			children = (
				B78EC02B29B9B5320073DCCC /* Base */,
			);
			name = Main.storyboard;
			sourceTree = "<group>";
		};
		B78EC02F29B9B5330073DCCC /* LaunchScreen.storyboard */ = {
			isa = PBXVariantGroup;
			children = (
				B78EC03029B9B5330073DCCC /* Base */,
			);
			name = LaunchScreen.storyboard;
			sourceTree = "<group>";
		};
/* End PBXVariantGroup section */

/* Begin XCBuildConfiguration section */
		B78EC03329B9B5330073DCCC /* Debug */ = {
			isa = XCBuildConfiguration;
			buildSettings = {
				ALWAYS_SEARCH_USER_PATHS = NO;
				CLANG_ANALYZER_NONNULL = YES;
				CLANG_ANALYZER_NUMBER_OBJECT_CONVERSION = YES_AGGRESSIVE;
				CLANG_CXX_LANGUAGE_STANDARD = "gnu++20";
				CLANG_ENABLE_MODULES = YES;
				CLANG_ENABLE_OBJC_ARC = YES;
				CLANG_ENABLE_OBJC_WEAK = YES;
				CLANG_WARN_BLOCK_CAPTURE_AUTORELEASING = YES;
				CLANG_WARN_BOOL_CONVERSION = YES;
				CLANG_WARN_COMMA = YES;
				CLANG_WARN_CONSTANT_CONVERSION = YES;
				CLANG_WARN_DEPRECATED_OBJC_IMPLEMENTATIONS = YES;
				CLANG_WARN_DIRECT_OBJC_ISA_USAGE = YES_ERROR;
				CLANG_WARN_DOCUMENTATION_COMMENTS = YES;
				CLANG_WARN_EMPTY_BODY = YES;
				CLANG_WARN_ENUM_CONVERSION = YES;
				CLANG_WARN_INFINITE_RECURSION = YES;
				CLANG_WARN_INT_CONVERSION = YES;
				CLANG_WARN_NON_LITERAL_NULL_CONVERSION = YES;
				CLANG_WARN_OBJC_IMPLICIT_RETAIN_SELF = YES;
				CLANG_WARN_OBJC_LITERAL_CONVERSION = YES;
				CLANG_WARN_OBJC_ROOT_CLASS = YES_ERROR;
				CLANG_WARN_QUOTED_INCLUDE_IN_FRAMEWORK_HEADER = YES;
				CLANG_WARN_RANGE_LOOP_ANALYSIS = YES;
				CLANG_WARN_STRICT_PROTOTYPES = YES;
				CLANG_WARN_SUSPICIOUS_MOVE = YES;
				CLANG_WARN_UNGUARDED_AVAILABILITY = YES_AGGRESSIVE;
				CLANG_WARN_UNREACHABLE_CODE = YES;
				CLANG_WARN__DUPLICATE_METHOD_MATCH = YES;
				COPY_PHASE_STRIP = NO;
				DEBUG_INFORMATION_FORMAT = dwarf;
				ENABLE_STRICT_OBJC_MSGSEND = YES;
				ENABLE_TESTABILITY = YES;
				GCC_C_LANGUAGE_STANDARD = gnu11;
				GCC_DYNAMIC_NO_PIC = NO;
				GCC_NO_COMMON_BLOCKS = YES;
				GCC_OPTIMIZATION_LEVEL = 0;
				GCC_PREPROCESSOR_DEFINITIONS = (
					"DEBUG=1",
					"$(inherited)",
				);
				GCC_WARN_64_TO_32_BIT_CONVERSION = YES;
				GCC_WARN_ABOUT_RETURN_TYPE = YES_ERROR;
				GCC_WARN_UNDECLARED_SELECTOR = YES;
				GCC_WARN_UNINITIALIZED_AUTOS = YES_AGGRESSIVE;
				GCC_WARN_UNUSED_FUNCTION = YES;
				GCC_WARN_UNUSED_VARIABLE = YES;
				IPHONEOS_DEPLOYMENT_TARGET = 16.2;
				MTL_ENABLE_DEBUG_INFO = INCLUDE_SOURCE;
				MTL_FAST_MATH = YES;
				ONLY_ACTIVE_ARCH = YES;
				SDKROOT = iphoneos;
				SWIFT_ACTIVE_COMPILATION_CONDITIONS = DEBUG;
				SWIFT_OPTIMIZATION_LEVEL = "-Onone";
			};
			name = Debug;
		};
		B78EC03429B9B5330073DCCC /* Release */ = {
			isa = XCBuildConfiguration;
			buildSettings = {
				ALWAYS_SEARCH_USER_PATHS = NO;
				CLANG_ANALYZER_NONNULL = YES;
				CLANG_ANALYZER_NUMBER_OBJECT_CONVERSION = YES_AGGRESSIVE;
				CLANG_CXX_LANGUAGE_STANDARD = "gnu++20";
				CLANG_ENABLE_MODULES = YES;
				CLANG_ENABLE_OBJC_ARC = YES;
				CLANG_ENABLE_OBJC_WEAK = YES;
				CLANG_WARN_BLOCK_CAPTURE_AUTORELEASING = YES;
				CLANG_WARN_BOOL_CONVERSION = YES;
				CLANG_WARN_COMMA = YES;
				CLANG_WARN_CONSTANT_CONVERSION = YES;
				CLANG_WARN_DEPRECATED_OBJC_IMPLEMENTATIONS = YES;
				CLANG_WARN_DIRECT_OBJC_ISA_USAGE = YES_ERROR;
				CLANG_WARN_DOCUMENTATION_COMMENTS = YES;
				CLANG_WARN_EMPTY_BODY = YES;
				CLANG_WARN_ENUM_CONVERSION = YES;
				CLANG_WARN_INFINITE_RECURSION = YES;
				CLANG_WARN_INT_CONVERSION = YES;
				CLANG_WARN_NON_LITERAL_NULL_CONVERSION = YES;
				CLANG_WARN_OBJC_IMPLICIT_RETAIN_SELF = YES;
				CLANG_WARN_OBJC_LITERAL_CONVERSION = YES;
				CLANG_WARN_OBJC_ROOT_CLASS = YES_ERROR;
				CLANG_WARN_QUOTED_INCLUDE_IN_FRAMEWORK_HEADER = YES;
				CLANG_WARN_RANGE_LOOP_ANALYSIS = YES;
				CLANG_WARN_STRICT_PROTOTYPES = YES;
				CLANG_WARN_SUSPICIOUS_MOVE = YES;
				CLANG_WARN_UNGUARDED_AVAILABILITY = YES_AGGRESSIVE;
				CLANG_WARN_UNREACHABLE_CODE = YES;
				CLANG_WARN__DUPLICATE_METHOD_MATCH = YES;
				COPY_PHASE_STRIP = NO;
				DEBUG_INFORMATION_FORMAT = "dwarf-with-dsym";
				ENABLE_NS_ASSERTIONS = NO;
				ENABLE_STRICT_OBJC_MSGSEND = YES;
				GCC_C_LANGUAGE_STANDARD = gnu11;
				GCC_NO_COMMON_BLOCKS = YES;
				GCC_WARN_64_TO_32_BIT_CONVERSION = YES;
				GCC_WARN_ABOUT_RETURN_TYPE = YES_ERROR;
				GCC_WARN_UNDECLARED_SELECTOR = YES;
				GCC_WARN_UNINITIALIZED_AUTOS = YES_AGGRESSIVE;
				GCC_WARN_UNUSED_FUNCTION = YES;
				GCC_WARN_UNUSED_VARIABLE = YES;
				IPHONEOS_DEPLOYMENT_TARGET = 16.2;
				MTL_ENABLE_DEBUG_INFO = NO;
				MTL_FAST_MATH = YES;
				SDKROOT = iphoneos;
				SWIFT_COMPILATION_MODE = wholemodule;
				SWIFT_OPTIMIZATION_LEVEL = "-O";
				VALIDATE_PRODUCT = YES;
			};
			name = Release;
		};
		B78EC03629B9B5330073DCCC /* Debug */ = {
			isa = XCBuildConfiguration;
			baseConfigurationReference = 569BB75B6AFCB74F0E509D9C /* Pods-Manju.debug.xcconfig */;
			buildSettings = {
				ASSETCATALOG_COMPILER_APPICON_NAME = AppIcon;
				ASSETCATALOG_COMPILER_GLOBAL_ACCENT_COLOR_NAME = AccentColor;
				CODE_SIGN_STYLE = Automatic;
				CURRENT_PROJECT_VERSION = 1;
				DEVELOPMENT_TEAM = FW5BACSZ6A;
				GENERATE_INFOPLIST_FILE = YES;
				INFOPLIST_FILE = Manju/Info.plist;
				INFOPLIST_KEY_UIApplicationSupportsIndirectInputEvents = YES;
				INFOPLIST_KEY_UILaunchStoryboardName = LaunchScreen;
				INFOPLIST_KEY_UIMainStoryboardFile = Main;
				INFOPLIST_KEY_UISupportedInterfaceOrientations_iPad = "UIInterfaceOrientationPortrait UIInterfaceOrientationPortraitUpsideDown UIInterfaceOrientationLandscapeLeft UIInterfaceOrientationLandscapeRight";
				INFOPLIST_KEY_UISupportedInterfaceOrientations_iPhone = "UIInterfaceOrientationPortrait UIInterfaceOrientationLandscapeLeft UIInterfaceOrientationLandscapeRight";
				IPHONEOS_DEPLOYMENT_TARGET = 15.0;
				LD_RUNPATH_SEARCH_PATHS = (
					"$(inherited)",
					"@executable_path/Frameworks",
				);
				MARKETING_VERSION = 1.0;
				PRODUCT_BUNDLE_IDENTIFIER = com.daize.Manju;
				PRODUCT_NAME = "$(TARGET_NAME)";
				SWIFT_EMIT_LOC_STRINGS = YES;
				SWIFT_VERSION = 5.0;
				TARGETED_DEVICE_FAMILY = "1,2";
			};
			name = Debug;
		};
		B78EC03729B9B5330073DCCC /* Release */ = {
			isa = XCBuildConfiguration;
			baseConfigurationReference = D7FA8AF26047CA7C10DE2763 /* Pods-Manju.release.xcconfig */;
			buildSettings = {
				ASSETCATALOG_COMPILER_APPICON_NAME = AppIcon;
				ASSETCATALOG_COMPILER_GLOBAL_ACCENT_COLOR_NAME = AccentColor;
				CODE_SIGN_STYLE = Automatic;
				CURRENT_PROJECT_VERSION = 1;
				DEVELOPMENT_TEAM = FW5BACSZ6A;
				GENERATE_INFOPLIST_FILE = YES;
				INFOPLIST_FILE = Manju/Info.plist;
				INFOPLIST_KEY_UIApplicationSupportsIndirectInputEvents = YES;
				INFOPLIST_KEY_UILaunchStoryboardName = LaunchScreen;
				INFOPLIST_KEY_UIMainStoryboardFile = Main;
				INFOPLIST_KEY_UISupportedInterfaceOrientations_iPad = "UIInterfaceOrientationPortrait UIInterfaceOrientationPortraitUpsideDown UIInterfaceOrientationLandscapeLeft UIInterfaceOrientationLandscapeRight";
				INFOPLIST_KEY_UISupportedInterfaceOrientations_iPhone = "UIInterfaceOrientationPortrait UIInterfaceOrientationLandscapeLeft UIInterfaceOrientationLandscapeRight";
				IPHONEOS_DEPLOYMENT_TARGET = 15.0;
				LD_RUNPATH_SEARCH_PATHS = (
					"$(inherited)",
					"@executable_path/Frameworks",
				);
				MARKETING_VERSION = 1.0;
				PRODUCT_BUNDLE_IDENTIFIER = com.daize.Manju;
				PRODUCT_NAME = "$(TARGET_NAME)";
				SWIFT_EMIT_LOC_STRINGS = YES;
				SWIFT_VERSION = 5.0;
				TARGETED_DEVICE_FAMILY = "1,2";
			};
			name = Release;
		};
/* End XCBuildConfiguration section */

/* Begin XCConfigurationList section */
		B78EC01C29B9B5320073DCCC /* Build configuration list for PBXProject "Manju" */ = {
			isa = XCConfigurationList;
			buildConfigurations = (
				B78EC03329B9B5330073DCCC /* Debug */,
				B78EC03429B9B5330073DCCC /* Release */,
			);
			defaultConfigurationIsVisible = 0;
			defaultConfigurationName = Release;
		};
		B78EC03529B9B5330073DCCC /* Build configuration list for PBXNativeTarget "Manju" */ = {
			isa = XCConfigurationList;
			buildConfigurations = (
				B78EC03629B9B5330073DCCC /* Debug */,
				B78EC03729B9B5330073DCCC /* Release */,
			);
			defaultConfigurationIsVisible = 0;
			defaultConfigurationName = Release;
		};
/* End XCConfigurationList section */
	};
	rootObject = B78EC01929B9B5320073DCCC /* Project object */;
}
